// !$*UTF8*$!
{
	archiveVersion = 1;
	classes = {
	};
	objectVersion = 46;
	objects = {

/* Begin PBXBuildFile section */
		01D8B7573AA651AC0F04FA04 /* Pods_Emersy.framework in Frameworks */ = {isa = PBXBuildFile; fileRef = 6200F65B35986465AC489AC5 /* Pods_Emersy.framework */; };
		24B81C371E200DB900965A03 /* Pump.swift in Sources */ = {isa = PBXBuildFile; fileRef = 24B81C361E200DB900965A03 /* Pump.swift */; };
		24B81C391E200DD200965A03 /* PumpsServiceOutput.swift in Sources */ = {isa = PBXBuildFile; fileRef = 24B81C381E200DD200965A03 /* PumpsServiceOutput.swift */; };
		24B81C3B1E200DFE00965A03 /* DoubleExtension.swift in Sources */ = {isa = PBXBuildFile; fileRef = 24B81C3A1E200DFE00965A03 /* DoubleExtension.swift */; };
		24B81C3D1E200E1A00965A03 /* Pump+MKAnnotation.swift in Sources */ = {isa = PBXBuildFile; fileRef = 24B81C3C1E200E1A00965A03 /* Pump+MKAnnotation.swift */; };
		24B81C401E20106F00965A03 /* SourcePump.swift in Sources */ = {isa = PBXBuildFile; fileRef = 24B81C3F1E20106F00965A03 /* SourcePump.swift */; };
		24B81C451E20132D00965A03 /* SourcePump+MKAnnotation.swift in Sources */ = {isa = PBXBuildFile; fileRef = 24B81C441E20132D00965A03 /* SourcePump+MKAnnotation.swift */; };
		24B81C471E20150100965A03 /* Distributor.swift in Sources */ = {isa = PBXBuildFile; fileRef = 24B81C461E20150100965A03 /* Distributor.swift */; };
		EA2C36521DB2A46C001B03D5 /* ViewController+CLLocationManagerDelegate.swift in Sources */ = {isa = PBXBuildFile; fileRef = EA2C36511DB2A46C001B03D5 /* ViewController+CLLocationManagerDelegate.swift */; };
		EA2C36541DB2B1AE001B03D5 /* PumpsService.swift in Sources */ = {isa = PBXBuildFile; fileRef = EA2C36531DB2B1AE001B03D5 /* PumpsService.swift */; };
		EA2C36571DB2B71A001B03D5 /* pumpFinalTrack.json in Resources */ = {isa = PBXBuildFile; fileRef = EA2C36551DB2B71A001B03D5 /* pumpFinalTrack.json */; };
		EA2C36581DB2B71A001B03D5 /* tubeTrack.json in Resources */ = {isa = PBXBuildFile; fileRef = EA2C36561DB2B71A001B03D5 /* tubeTrack.json */; };
		EA2C365A1DB2B95F001B03D5 /* tubeTrackSimple.json in Resources */ = {isa = PBXBuildFile; fileRef = EA2C36591DB2B95F001B03D5 /* tubeTrackSimple.json */; };
		EA2C365C1DB2C039001B03D5 /* PumpsServiceInput.swift in Sources */ = {isa = PBXBuildFile; fileRef = EA2C365B1DB2C039001B03D5 /* PumpsServiceInput.swift */; };
		EA47A1C31DB2678800F1D89D /* MissionNotificationCategories.swift in Sources */ = {isa = PBXBuildFile; fileRef = EA47A1C21DB2678800F1D89D /* MissionNotificationCategories.swift */; };
		EA47A1C51DB268EF00F1D89D /* Notification.swift in Sources */ = {isa = PBXBuildFile; fileRef = EA47A1C41DB268EF00F1D89D /* Notification.swift */; };
		EA47A1C71DB269B600F1D89D /* DeviceTokenData.swift in Sources */ = {isa = PBXBuildFile; fileRef = EA47A1C61DB269B600F1D89D /* DeviceTokenData.swift */; };
		EA6759781DB235ED008F9963 /* AppDelegate.swift in Sources */ = {isa = PBXBuildFile; fileRef = EA6759771DB235ED008F9963 /* AppDelegate.swift */; };
		EA67597A1DB235ED008F9963 /* MissionsViewController.swift in Sources */ = {isa = PBXBuildFile; fileRef = EA6759791DB235ED008F9963 /* MissionsViewController.swift */; };
		EA67597D1DB235ED008F9963 /* Main.storyboard in Resources */ = {isa = PBXBuildFile; fileRef = EA67597B1DB235ED008F9963 /* Main.storyboard */; };
		EA67597F1DB235ED008F9963 /* Assets.xcassets in Resources */ = {isa = PBXBuildFile; fileRef = EA67597E1DB235ED008F9963 /* Assets.xcassets */; };
		EA6759821DB235ED008F9963 /* LaunchScreen.storyboard in Resources */ = {isa = PBXBuildFile; fileRef = EA6759801DB235ED008F9963 /* LaunchScreen.storyboard */; };
		EA67598D1DB235ED008F9963 /* EmersyTests.swift in Sources */ = {isa = PBXBuildFile; fileRef = EA67598C1DB235ED008F9963 /* EmersyTests.swift */; };
		EA6759981DB235ED008F9963 /* EmersyUITests.swift in Sources */ = {isa = PBXBuildFile; fileRef = EA6759971DB235ED008F9963 /* EmersyUITests.swift */; };
		EA67599D1DB235ED008F9963 /* Emersy.app in Embed Watch Content */ = {isa = PBXBuildFile; fileRef = EA67599C1DB235ED008F9963 /* Emersy.app */; };
		EA6759A31DB235ED008F9963 /* Interface.storyboard in Resources */ = {isa = PBXBuildFile; fileRef = EA6759A11DB235ED008F9963 /* Interface.storyboard */; };
		EA6759A51DB235ED008F9963 /* Assets.xcassets in Resources */ = {isa = PBXBuildFile; fileRef = EA6759A41DB235ED008F9963 /* Assets.xcassets */; };
		EA6759AC1DB235ED008F9963 /* Emersy.appex in Embed App Extensions */ = {isa = PBXBuildFile; fileRef = EA6759AB1DB235ED008F9963 /* Emersy.appex */; settings = {ATTRIBUTES = (RemoveHeadersOnCopy, ); }; };
		EA6759B31DB235ED008F9963 /* InterfaceController.swift in Sources */ = {isa = PBXBuildFile; fileRef = EA6759B21DB235ED008F9963 /* InterfaceController.swift */; };
		EA6759B51DB235ED008F9963 /* ExtensionDelegate.swift in Sources */ = {isa = PBXBuildFile; fileRef = EA6759B41DB235ED008F9963 /* ExtensionDelegate.swift */; };
		EA6759B71DB235ED008F9963 /* NotificationController.swift in Sources */ = {isa = PBXBuildFile; fileRef = EA6759B61DB235ED008F9963 /* NotificationController.swift */; };
		EA6759B91DB235ED008F9963 /* ComplicationController.swift in Sources */ = {isa = PBXBuildFile; fileRef = EA6759B81DB235ED008F9963 /* ComplicationController.swift */; };
		EA6759BB1DB235ED008F9963 /* Assets.xcassets in Resources */ = {isa = PBXBuildFile; fileRef = EA6759BA1DB235ED008F9963 /* Assets.xcassets */; };
		EAF53A2A1DB26BF2003CCC4C /* NotificationHandler.swift in Sources */ = {isa = PBXBuildFile; fileRef = EAF53A291DB26BF2003CCC4C /* NotificationHandler.swift */; };
		EAF53A2C1DB26F32003CCC4C /* NotificationHandlerBuilder.swift in Sources */ = {isa = PBXBuildFile; fileRef = EAF53A2B1DB26F32003CCC4C /* NotificationHandlerBuilder.swift */; };
		EAF53A2E1DB26F4D003CCC4C /* RefuseNotificationHandler.swift in Sources */ = {isa = PBXBuildFile; fileRef = EAF53A2D1DB26F4D003CCC4C /* RefuseNotificationHandler.swift */; };
		EAF53A301DB26F68003CCC4C /* AcceptNotificationHandler.swift in Sources */ = {isa = PBXBuildFile; fileRef = EAF53A2F1DB26F68003CCC4C /* AcceptNotificationHandler.swift */; };
		EAF53A351DB27201003CCC4C /* AlamofireMissionService.swift in Sources */ = {isa = PBXBuildFile; fileRef = EAF53A341DB27201003CCC4C /* AlamofireMissionService.swift */; };
		EAF53A371DB27B53003CCC4C /* MissionDetailViewController.swift in Sources */ = {isa = PBXBuildFile; fileRef = EAF53A361DB27B53003CCC4C /* MissionDetailViewController.swift */; };
		EAF53A391DB2818D003CCC4C /* UsersTableViewController.swift in Sources */ = {isa = PBXBuildFile; fileRef = EAF53A381DB2818D003CCC4C /* UsersTableViewController.swift */; };
		EAF53A3E1DB29B7D003CCC4C /* MapKit.framework in Frameworks */ = {isa = PBXBuildFile; fileRef = EAF53A3D1DB29B7D003CCC4C /* MapKit.framework */; };
		EAF53A411DB29BF1003CCC4C /* PumpsViewController.swift in Sources */ = {isa = PBXBuildFile; fileRef = EAF53A401DB29BF1003CCC4C /* PumpsViewController.swift */; };
/* End PBXBuildFile section */

/* Begin PBXContainerItemProxy section */
		EA6759891DB235ED008F9963 /* PBXContainerItemProxy */ = {
			isa = PBXContainerItemProxy;
			containerPortal = EA67596C1DB235ED008F9963 /* Project object */;
			proxyType = 1;
			remoteGlobalIDString = EA6759731DB235ED008F9963;
			remoteInfo = Emersy;
		};
		EA6759941DB235ED008F9963 /* PBXContainerItemProxy */ = {
			isa = PBXContainerItemProxy;
			containerPortal = EA67596C1DB235ED008F9963 /* Project object */;
			proxyType = 1;
			remoteGlobalIDString = EA6759731DB235ED008F9963;
			remoteInfo = Emersy;
		};
		EA67599E1DB235ED008F9963 /* PBXContainerItemProxy */ = {
			isa = PBXContainerItemProxy;
			containerPortal = EA67596C1DB235ED008F9963 /* Project object */;
			proxyType = 1;
			remoteGlobalIDString = EA67599B1DB235ED008F9963;
			remoteInfo = "Emersy WatchKit App";
		};
		EA6759AD1DB235ED008F9963 /* PBXContainerItemProxy */ = {
			isa = PBXContainerItemProxy;
			containerPortal = EA67596C1DB235ED008F9963 /* Project object */;
			proxyType = 1;
			remoteGlobalIDString = EA6759AA1DB235ED008F9963;
			remoteInfo = "Emersy WatchKit Extension";
		};
/* End PBXContainerItemProxy section */

/* Begin PBXCopyFilesBuildPhase section */
		EA6759C21DB235ED008F9963 /* Embed App Extensions */ = {
			isa = PBXCopyFilesBuildPhase;
			buildActionMask = 2147483647;
			dstPath = "";
			dstSubfolderSpec = 13;
			files = (
				EA6759AC1DB235ED008F9963 /* Emersy.appex in Embed App Extensions */,
			);
			name = "Embed App Extensions";
			runOnlyForDeploymentPostprocessing = 0;
		};
		EA6759C61DB235ED008F9963 /* Embed Watch Content */ = {
			isa = PBXCopyFilesBuildPhase;
			buildActionMask = 2147483647;
			dstPath = "$(CONTENTS_FOLDER_PATH)/Watch";
			dstSubfolderSpec = 16;
			files = (
				EA67599D1DB235ED008F9963 /* Emersy.app in Embed Watch Content */,
			);
			name = "Embed Watch Content";
			runOnlyForDeploymentPostprocessing = 0;
		};
/* End PBXCopyFilesBuildPhase section */

/* Begin PBXFileReference section */
		24B81C361E200DB900965A03 /* Pump.swift */ = {isa = PBXFileReference; fileEncoding = 4; lastKnownFileType = sourcecode.swift; path = Pump.swift; sourceTree = "<group>"; };
		24B81C381E200DD200965A03 /* PumpsServiceOutput.swift */ = {isa = PBXFileReference; fileEncoding = 4; lastKnownFileType = sourcecode.swift; path = PumpsServiceOutput.swift; sourceTree = "<group>"; };
		24B81C3A1E200DFE00965A03 /* DoubleExtension.swift */ = {isa = PBXFileReference; fileEncoding = 4; lastKnownFileType = sourcecode.swift; path = DoubleExtension.swift; sourceTree = "<group>"; };
		24B81C3C1E200E1A00965A03 /* Pump+MKAnnotation.swift */ = {isa = PBXFileReference; fileEncoding = 4; lastKnownFileType = sourcecode.swift; path = "Pump+MKAnnotation.swift"; sourceTree = "<group>"; };
		24B81C3F1E20106F00965A03 /* SourcePump.swift */ = {isa = PBXFileReference; fileEncoding = 4; lastKnownFileType = sourcecode.swift; path = SourcePump.swift; sourceTree = "<group>"; };
		24B81C441E20132D00965A03 /* SourcePump+MKAnnotation.swift */ = {isa = PBXFileReference; fileEncoding = 4; lastKnownFileType = sourcecode.swift; path = "SourcePump+MKAnnotation.swift"; sourceTree = "<group>"; };
		24B81C461E20150100965A03 /* Distributor.swift */ = {isa = PBXFileReference; fileEncoding = 4; lastKnownFileType = sourcecode.swift; path = Distributor.swift; sourceTree = "<group>"; };
		4FD39EEB59A8FDC4213BE666 /* Pods-Emersy.debug.xcconfig */ = {isa = PBXFileReference; includeInIndex = 1; lastKnownFileType = text.xcconfig; name = "Pods-Emersy.debug.xcconfig"; path = "Pods/Target Support Files/Pods-Emersy/Pods-Emersy.debug.xcconfig"; sourceTree = "<group>"; };
		6200F65B35986465AC489AC5 /* Pods_Emersy.framework */ = {isa = PBXFileReference; explicitFileType = wrapper.framework; includeInIndex = 0; path = Pods_Emersy.framework; sourceTree = BUILT_PRODUCTS_DIR; };
		B7083C3E0C85C60C746DFC7B /* Pods-Emersy.release.xcconfig */ = {isa = PBXFileReference; includeInIndex = 1; lastKnownFileType = text.xcconfig; name = "Pods-Emersy.release.xcconfig"; path = "Pods/Target Support Files/Pods-Emersy/Pods-Emersy.release.xcconfig"; sourceTree = "<group>"; };
		EA2C36511DB2A46C001B03D5 /* ViewController+CLLocationManagerDelegate.swift */ = {isa = PBXFileReference; fileEncoding = 4; lastKnownFileType = sourcecode.swift; path = "ViewController+CLLocationManagerDelegate.swift"; sourceTree = "<group>"; };
		EA2C36531DB2B1AE001B03D5 /* PumpsService.swift */ = {isa = PBXFileReference; fileEncoding = 4; lastKnownFileType = sourcecode.swift; path = PumpsService.swift; sourceTree = "<group>"; };
		EA2C36551DB2B71A001B03D5 /* pumpFinalTrack.json */ = {isa = PBXFileReference; fileEncoding = 4; lastKnownFileType = text.json; path = pumpFinalTrack.json; sourceTree = "<group>"; };
		EA2C36561DB2B71A001B03D5 /* tubeTrack.json */ = {isa = PBXFileReference; fileEncoding = 4; lastKnownFileType = text.json; path = tubeTrack.json; sourceTree = "<group>"; };
		EA2C36591DB2B95F001B03D5 /* tubeTrackSimple.json */ = {isa = PBXFileReference; fileEncoding = 4; lastKnownFileType = text.json; path = tubeTrackSimple.json; sourceTree = "<group>"; };
		EA2C365B1DB2C039001B03D5 /* PumpsServiceInput.swift */ = {isa = PBXFileReference; fileEncoding = 4; lastKnownFileType = sourcecode.swift; path = PumpsServiceInput.swift; sourceTree = "<group>"; };
		EA47A1C21DB2678800F1D89D /* MissionNotificationCategories.swift */ = {isa = PBXFileReference; fileEncoding = 4; lastKnownFileType = sourcecode.swift; path = MissionNotificationCategories.swift; sourceTree = "<group>"; };
		EA47A1C41DB268EF00F1D89D /* Notification.swift */ = {isa = PBXFileReference; fileEncoding = 4; lastKnownFileType = sourcecode.swift; path = Notification.swift; sourceTree = "<group>"; };
		EA47A1C61DB269B600F1D89D /* DeviceTokenData.swift */ = {isa = PBXFileReference; fileEncoding = 4; lastKnownFileType = sourcecode.swift; path = DeviceTokenData.swift; sourceTree = "<group>"; };
		EA6759741DB235ED008F9963 /* Emersy.app */ = {isa = PBXFileReference; explicitFileType = wrapper.application; includeInIndex = 0; path = Emersy.app; sourceTree = BUILT_PRODUCTS_DIR; };
		EA6759771DB235ED008F9963 /* AppDelegate.swift */ = {isa = PBXFileReference; lastKnownFileType = sourcecode.swift; path = AppDelegate.swift; sourceTree = "<group>"; };
		EA6759791DB235ED008F9963 /* MissionsViewController.swift */ = {isa = PBXFileReference; lastKnownFileType = sourcecode.swift; path = MissionsViewController.swift; sourceTree = "<group>"; };
		EA67597C1DB235ED008F9963 /* Base */ = {isa = PBXFileReference; lastKnownFileType = file.storyboard; name = Base; path = Base.lproj/Main.storyboard; sourceTree = "<group>"; };
		EA67597E1DB235ED008F9963 /* Assets.xcassets */ = {isa = PBXFileReference; lastKnownFileType = folder.assetcatalog; path = Assets.xcassets; sourceTree = "<group>"; };
		EA6759811DB235ED008F9963 /* Base */ = {isa = PBXFileReference; lastKnownFileType = file.storyboard; name = Base; path = Base.lproj/LaunchScreen.storyboard; sourceTree = "<group>"; };
		EA6759831DB235ED008F9963 /* Info.plist */ = {isa = PBXFileReference; lastKnownFileType = text.plist.xml; path = Info.plist; sourceTree = "<group>"; };
		EA6759881DB235ED008F9963 /* EmersyTests.xctest */ = {isa = PBXFileReference; explicitFileType = wrapper.cfbundle; includeInIndex = 0; path = EmersyTests.xctest; sourceTree = BUILT_PRODUCTS_DIR; };
		EA67598C1DB235ED008F9963 /* EmersyTests.swift */ = {isa = PBXFileReference; lastKnownFileType = sourcecode.swift; path = EmersyTests.swift; sourceTree = "<group>"; };
		EA67598E1DB235ED008F9963 /* Info.plist */ = {isa = PBXFileReference; lastKnownFileType = text.plist.xml; path = Info.plist; sourceTree = "<group>"; };
		EA6759931DB235ED008F9963 /* EmersyUITests.xctest */ = {isa = PBXFileReference; explicitFileType = wrapper.cfbundle; includeInIndex = 0; path = EmersyUITests.xctest; sourceTree = BUILT_PRODUCTS_DIR; };
		EA6759971DB235ED008F9963 /* EmersyUITests.swift */ = {isa = PBXFileReference; lastKnownFileType = sourcecode.swift; path = EmersyUITests.swift; sourceTree = "<group>"; };
		EA6759991DB235ED008F9963 /* Info.plist */ = {isa = PBXFileReference; lastKnownFileType = text.plist.xml; path = Info.plist; sourceTree = "<group>"; };
		EA67599C1DB235ED008F9963 /* Emersy.app */ = {isa = PBXFileReference; explicitFileType = wrapper.application; includeInIndex = 0; path = Emersy.app; sourceTree = BUILT_PRODUCTS_DIR; };
		EA6759A21DB235ED008F9963 /* Base */ = {isa = PBXFileReference; lastKnownFileType = file.storyboard; name = Base; path = Base.lproj/Interface.storyboard; sourceTree = "<group>"; };
		EA6759A41DB235ED008F9963 /* Assets.xcassets */ = {isa = PBXFileReference; lastKnownFileType = folder.assetcatalog; path = Assets.xcassets; sourceTree = "<group>"; };
		EA6759A61DB235ED008F9963 /* Info.plist */ = {isa = PBXFileReference; lastKnownFileType = text.plist.xml; path = Info.plist; sourceTree = "<group>"; };
		EA6759AB1DB235ED008F9963 /* Emersy.appex */ = {isa = PBXFileReference; explicitFileType = "wrapper.app-extension"; includeInIndex = 0; path = Emersy.appex; sourceTree = BUILT_PRODUCTS_DIR; };
		EA6759B11DB235ED008F9963 /* PushNotificationPayload.apns */ = {isa = PBXFileReference; lastKnownFileType = text; path = PushNotificationPayload.apns; sourceTree = "<group>"; };
		EA6759B21DB235ED008F9963 /* InterfaceController.swift */ = {isa = PBXFileReference; lastKnownFileType = sourcecode.swift; path = InterfaceController.swift; sourceTree = "<group>"; };
		EA6759B41DB235ED008F9963 /* ExtensionDelegate.swift */ = {isa = PBXFileReference; lastKnownFileType = sourcecode.swift; path = ExtensionDelegate.swift; sourceTree = "<group>"; };
		EA6759B61DB235ED008F9963 /* NotificationController.swift */ = {isa = PBXFileReference; lastKnownFileType = sourcecode.swift; path = NotificationController.swift; sourceTree = "<group>"; };
		EA6759B81DB235ED008F9963 /* ComplicationController.swift */ = {isa = PBXFileReference; lastKnownFileType = sourcecode.swift; path = ComplicationController.swift; sourceTree = "<group>"; };
		EA6759BA1DB235ED008F9963 /* Assets.xcassets */ = {isa = PBXFileReference; lastKnownFileType = folder.assetcatalog; path = Assets.xcassets; sourceTree = "<group>"; };
		EA6759BC1DB235ED008F9963 /* Info.plist */ = {isa = PBXFileReference; lastKnownFileType = text.plist.xml; path = Info.plist; sourceTree = "<group>"; };
		EA6759D31DB25775008F9963 /* Emersy.entitlements */ = {isa = PBXFileReference; lastKnownFileType = text.plist.entitlements; path = Emersy.entitlements; sourceTree = "<group>"; };
		EAF53A291DB26BF2003CCC4C /* NotificationHandler.swift */ = {isa = PBXFileReference; fileEncoding = 4; lastKnownFileType = sourcecode.swift; path = NotificationHandler.swift; sourceTree = "<group>"; };
		EAF53A2B1DB26F32003CCC4C /* NotificationHandlerBuilder.swift */ = {isa = PBXFileReference; fileEncoding = 4; lastKnownFileType = sourcecode.swift; path = NotificationHandlerBuilder.swift; sourceTree = "<group>"; };
		EAF53A2D1DB26F4D003CCC4C /* RefuseNotificationHandler.swift */ = {isa = PBXFileReference; fileEncoding = 4; lastKnownFileType = sourcecode.swift; path = RefuseNotificationHandler.swift; sourceTree = "<group>"; };
		EAF53A2F1DB26F68003CCC4C /* AcceptNotificationHandler.swift */ = {isa = PBXFileReference; fileEncoding = 4; lastKnownFileType = sourcecode.swift; path = AcceptNotificationHandler.swift; sourceTree = "<group>"; };
		EAF53A341DB27201003CCC4C /* AlamofireMissionService.swift */ = {isa = PBXFileReference; fileEncoding = 4; lastKnownFileType = sourcecode.swift; path = AlamofireMissionService.swift; sourceTree = "<group>"; };
		EAF53A361DB27B53003CCC4C /* MissionDetailViewController.swift */ = {isa = PBXFileReference; fileEncoding = 4; lastKnownFileType = sourcecode.swift; path = MissionDetailViewController.swift; sourceTree = "<group>"; };
		EAF53A381DB2818D003CCC4C /* UsersTableViewController.swift */ = {isa = PBXFileReference; fileEncoding = 4; lastKnownFileType = sourcecode.swift; path = UsersTableViewController.swift; sourceTree = "<group>"; };
		EAF53A3D1DB29B7D003CCC4C /* MapKit.framework */ = {isa = PBXFileReference; lastKnownFileType = wrapper.framework; name = MapKit.framework; path = System/Library/Frameworks/MapKit.framework; sourceTree = SDKROOT; };
		EAF53A401DB29BF1003CCC4C /* PumpsViewController.swift */ = {isa = PBXFileReference; fileEncoding = 4; lastKnownFileType = sourcecode.swift; path = PumpsViewController.swift; sourceTree = "<group>"; };
/* End PBXFileReference section */

/* Begin PBXFrameworksBuildPhase section */
		EA6759711DB235ED008F9963 /* Frameworks */ = {
			isa = PBXFrameworksBuildPhase;
			buildActionMask = 2147483647;
			files = (
				EAF53A3E1DB29B7D003CCC4C /* MapKit.framework in Frameworks */,
				01D8B7573AA651AC0F04FA04 /* Pods_Emersy.framework in Frameworks */,
			);
			runOnlyForDeploymentPostprocessing = 0;
		};
		EA6759851DB235ED008F9963 /* Frameworks */ = {
			isa = PBXFrameworksBuildPhase;
			buildActionMask = 2147483647;
			files = (
			);
			runOnlyForDeploymentPostprocessing = 0;
		};
		EA6759901DB235ED008F9963 /* Frameworks */ = {
			isa = PBXFrameworksBuildPhase;
			buildActionMask = 2147483647;
			files = (
			);
			runOnlyForDeploymentPostprocessing = 0;
		};
		EA6759A81DB235ED008F9963 /* Frameworks */ = {
			isa = PBXFrameworksBuildPhase;
			buildActionMask = 2147483647;
			files = (
			);
			runOnlyForDeploymentPostprocessing = 0;
		};
/* End PBXFrameworksBuildPhase section */

/* Begin PBXGroup section */
		24B81C411E2012E500965A03 /* Service */ = {
			isa = PBXGroup;
			children = (
				EA2C36531DB2B1AE001B03D5 /* PumpsService.swift */,
				EA2C365B1DB2C039001B03D5 /* PumpsServiceInput.swift */,
				24B81C381E200DD200965A03 /* PumpsServiceOutput.swift */,
			);
			name = Service;
			sourceTree = "<group>";
		};
		24B81C421E20130C00965A03 /* Pump */ = {
			isa = PBXGroup;
			children = (
				24B81C361E200DB900965A03 /* Pump.swift */,
				24B81C3C1E200E1A00965A03 /* Pump+MKAnnotation.swift */,
			);
			name = Pump;
			sourceTree = "<group>";
		};
		24B81C431E20131000965A03 /* SourcePump */ = {
			isa = PBXGroup;
			children = (
				24B81C3F1E20106F00965A03 /* SourcePump.swift */,
				24B81C441E20132D00965A03 /* SourcePump+MKAnnotation.swift */,
			);
			name = SourcePump;
			sourceTree = "<group>";
		};
		9ED8BEDD265AC5134A31E743 /* Frameworks */ = {
			isa = PBXGroup;
			children = (
				EAF53A3D1DB29B7D003CCC4C /* MapKit.framework */,
				6200F65B35986465AC489AC5 /* Pods_Emersy.framework */,
			);
			name = Frameworks;
			sourceTree = "<group>";
		};
		E5EF7A0AA3B15262448E8FE9 /* Pods */ = {
			isa = PBXGroup;
			children = (
				4FD39EEB59A8FDC4213BE666 /* Pods-Emersy.debug.xcconfig */,
				B7083C3E0C85C60C746DFC7B /* Pods-Emersy.release.xcconfig */,
			);
			name = Pods;
			sourceTree = "<group>";
		};
		EA47A1C81DB26A8500F1D89D /* Supporting Files */ = {
			isa = PBXGroup;
			children = (
				EA6759D31DB25775008F9963 /* Emersy.entitlements */,
				24B81C3A1E200DFE00965A03 /* DoubleExtension.swift */,
				EA47A1C61DB269B600F1D89D /* DeviceTokenData.swift */,
				EA67597E1DB235ED008F9963 /* Assets.xcassets */,
				EA6759801DB235ED008F9963 /* LaunchScreen.storyboard */,
				EA6759831DB235ED008F9963 /* Info.plist */,
			);
			name = "Supporting Files";
			sourceTree = "<group>";
		};
		EA67596B1DB235ED008F9963 = {
			isa = PBXGroup;
			children = (
				EA6759761DB235ED008F9963 /* Emersy */,
				EA67598B1DB235ED008F9963 /* EmersyTests */,
				EA6759961DB235ED008F9963 /* EmersyUITests */,
				EA6759A01DB235ED008F9963 /* Emersy WatchKit App */,
				EA6759AF1DB235ED008F9963 /* Emersy WatchKit Extension */,
				EA6759751DB235ED008F9963 /* Products */,
				E5EF7A0AA3B15262448E8FE9 /* Pods */,
				9ED8BEDD265AC5134A31E743 /* Frameworks */,
			);
			sourceTree = "<group>";
		};
		EA6759751DB235ED008F9963 /* Products */ = {
			isa = PBXGroup;
			children = (
				EA6759741DB235ED008F9963 /* Emersy.app */,
				EA6759881DB235ED008F9963 /* EmersyTests.xctest */,
				EA6759931DB235ED008F9963 /* EmersyUITests.xctest */,
				EA67599C1DB235ED008F9963 /* Emersy.app */,
				EA6759AB1DB235ED008F9963 /* Emersy.appex */,
			);
			name = Products;
			sourceTree = "<group>";
		};
		EA6759761DB235ED008F9963 /* Emersy */ = {
			isa = PBXGroup;
			children = (
				EA67597B1DB235ED008F9963 /* Main.storyboard */,
				EA6759771DB235ED008F9963 /* AppDelegate.swift */,
				EAF53A311DB26F79003CCC4C /* Notifications */,
				EAF53A3F1DB29BCE003CCC4C /* View Controllers */,
				24B81C411E2012E500965A03 /* Service */,
				24B81C431E20131000965A03 /* SourcePump */,
				24B81C421E20130C00965A03 /* Pump */,
				EA47A1C81DB26A8500F1D89D /* Supporting Files */,
				24B81C461E20150100965A03 /* Distributor.swift */,
			);
			path = Emersy;
			sourceTree = "<group>";
		};
		EA67598B1DB235ED008F9963 /* EmersyTests */ = {
			isa = PBXGroup;
			children = (
				EA2C36591DB2B95F001B03D5 /* tubeTrackSimple.json */,
				EA2C36551DB2B71A001B03D5 /* pumpFinalTrack.json */,
				EA2C36561DB2B71A001B03D5 /* tubeTrack.json */,
				EA67598C1DB235ED008F9963 /* EmersyTests.swift */,
				EA67598E1DB235ED008F9963 /* Info.plist */,
			);
			path = EmersyTests;
			sourceTree = "<group>";
		};
		EA6759961DB235ED008F9963 /* EmersyUITests */ = {
			isa = PBXGroup;
			children = (
				EA6759971DB235ED008F9963 /* EmersyUITests.swift */,
				EA6759991DB235ED008F9963 /* Info.plist */,
			);
			path = EmersyUITests;
			sourceTree = "<group>";
		};
		EA6759A01DB235ED008F9963 /* Emersy WatchKit App */ = {
			isa = PBXGroup;
			children = (
				EA6759A11DB235ED008F9963 /* Interface.storyboard */,
				EA6759A41DB235ED008F9963 /* Assets.xcassets */,
				EA6759A61DB235ED008F9963 /* Info.plist */,
			);
			path = "Emersy WatchKit App";
			sourceTree = "<group>";
		};
		EA6759AF1DB235ED008F9963 /* Emersy WatchKit Extension */ = {
			isa = PBXGroup;
			children = (
				EA6759B21DB235ED008F9963 /* InterfaceController.swift */,
				EA6759B41DB235ED008F9963 /* ExtensionDelegate.swift */,
				EA6759B61DB235ED008F9963 /* NotificationController.swift */,
				EA6759B81DB235ED008F9963 /* ComplicationController.swift */,
				EA6759BA1DB235ED008F9963 /* Assets.xcassets */,
				EA6759BC1DB235ED008F9963 /* Info.plist */,
				EA6759B01DB235ED008F9963 /* Supporting Files */,
			);
			path = "Emersy WatchKit Extension";
			sourceTree = "<group>";
		};
		EA6759B01DB235ED008F9963 /* Supporting Files */ = {
			isa = PBXGroup;
			children = (
				EA6759B11DB235ED008F9963 /* PushNotificationPayload.apns */,
			);
			name = "Supporting Files";
			sourceTree = "<group>";
		};
		EAF53A311DB26F79003CCC4C /* Notifications */ = {
			isa = PBXGroup;
			children = (
				EA47A1C21DB2678800F1D89D /* MissionNotificationCategories.swift */,
				EA47A1C41DB268EF00F1D89D /* Notification.swift */,
				EAF53A291DB26BF2003CCC4C /* NotificationHandler.swift */,
				EAF53A2B1DB26F32003CCC4C /* NotificationHandlerBuilder.swift */,
				EAF53A2D1DB26F4D003CCC4C /* RefuseNotificationHandler.swift */,
				EAF53A2F1DB26F68003CCC4C /* AcceptNotificationHandler.swift */,
				EAF53A341DB27201003CCC4C /* AlamofireMissionService.swift */,
			);
			name = Notifications;
			sourceTree = "<group>";
		};
		EAF53A3F1DB29BCE003CCC4C /* View Controllers */ = {
			isa = PBXGroup;
			children = (
				EA6759791DB235ED008F9963 /* MissionsViewController.swift */,
				EAF53A361DB27B53003CCC4C /* MissionDetailViewController.swift */,
				EAF53A381DB2818D003CCC4C /* UsersTableViewController.swift */,
				EAF53A401DB29BF1003CCC4C /* PumpsViewController.swift */,
				EA2C36511DB2A46C001B03D5 /* ViewController+CLLocationManagerDelegate.swift */,
			);
			name = "View Controllers";
			sourceTree = "<group>";
		};
/* End PBXGroup section */

/* Begin PBXNativeTarget section */
		EA6759731DB235ED008F9963 /* Emersy */ = {
			isa = PBXNativeTarget;
			buildConfigurationList = EA6759C71DB235ED008F9963 /* Build configuration list for PBXNativeTarget "Emersy" */;
			buildPhases = (
				74B7E83EFAAE97766F0FC598 /* Check Pods Manifest.lock */,
				EA6759701DB235ED008F9963 /* Sources */,
				EA6759711DB235ED008F9963 /* Frameworks */,
				EA6759721DB235ED008F9963 /* Resources */,
				EA6759C61DB235ED008F9963 /* Embed Watch Content */,
				61B9A3D8F414B360B65323C6 /* Embed Pods Frameworks */,
				E9CEDA199417EE80E3914949 /* Copy Pods Resources */,
			);
			buildRules = (
			);
			dependencies = (
				EA67599F1DB235ED008F9963 /* PBXTargetDependency */,
			);
			name = Emersy;
			productName = Emersy;
			productReference = EA6759741DB235ED008F9963 /* Emersy.app */;
			productType = "com.apple.product-type.application";
		};
		EA6759871DB235ED008F9963 /* EmersyTests */ = {
			isa = PBXNativeTarget;
			buildConfigurationList = EA6759CA1DB235ED008F9963 /* Build configuration list for PBXNativeTarget "EmersyTests" */;
			buildPhases = (
				EA6759841DB235ED008F9963 /* Sources */,
				EA6759851DB235ED008F9963 /* Frameworks */,
				EA6759861DB235ED008F9963 /* Resources */,
			);
			buildRules = (
			);
			dependencies = (
				EA67598A1DB235ED008F9963 /* PBXTargetDependency */,
			);
			name = EmersyTests;
			productName = EmersyTests;
			productReference = EA6759881DB235ED008F9963 /* EmersyTests.xctest */;
			productType = "com.apple.product-type.bundle.unit-test";
		};
		EA6759921DB235ED008F9963 /* EmersyUITests */ = {
			isa = PBXNativeTarget;
			buildConfigurationList = EA6759CD1DB235ED008F9963 /* Build configuration list for PBXNativeTarget "EmersyUITests" */;
			buildPhases = (
				EA67598F1DB235ED008F9963 /* Sources */,
				EA6759901DB235ED008F9963 /* Frameworks */,
				EA6759911DB235ED008F9963 /* Resources */,
			);
			buildRules = (
			);
			dependencies = (
				EA6759951DB235ED008F9963 /* PBXTargetDependency */,
			);
			name = EmersyUITests;
			productName = EmersyUITests;
			productReference = EA6759931DB235ED008F9963 /* EmersyUITests.xctest */;
			productType = "com.apple.product-type.bundle.ui-testing";
		};
		EA67599B1DB235ED008F9963 /* Emersy WatchKit App */ = {
			isa = PBXNativeTarget;
			buildConfigurationList = EA6759C31DB235ED008F9963 /* Build configuration list for PBXNativeTarget "Emersy WatchKit App" */;
			buildPhases = (
				EA67599A1DB235ED008F9963 /* Resources */,
				EA6759C21DB235ED008F9963 /* Embed App Extensions */,
			);
			buildRules = (
			);
			dependencies = (
				EA6759AE1DB235ED008F9963 /* PBXTargetDependency */,
			);
			name = "Emersy WatchKit App";
			productName = "Emersy WatchKit App";
			productReference = EA67599C1DB235ED008F9963 /* Emersy.app */;
			productType = "com.apple.product-type.application.watchapp2";
		};
		EA6759AA1DB235ED008F9963 /* Emersy WatchKit Extension */ = {
			isa = PBXNativeTarget;
			buildConfigurationList = EA6759BF1DB235ED008F9963 /* Build configuration list for PBXNativeTarget "Emersy WatchKit Extension" */;
			buildPhases = (
				EA6759A71DB235ED008F9963 /* Sources */,
				EA6759A81DB235ED008F9963 /* Frameworks */,
				EA6759A91DB235ED008F9963 /* Resources */,
			);
			buildRules = (
			);
			dependencies = (
			);
			name = "Emersy WatchKit Extension";
			productName = "Emersy WatchKit Extension";
			productReference = EA6759AB1DB235ED008F9963 /* Emersy.appex */;
			productType = "com.apple.product-type.watchkit2-extension";
		};
/* End PBXNativeTarget section */

/* Begin PBXProject section */
		EA67596C1DB235ED008F9963 /* Project object */ = {
			isa = PBXProject;
			attributes = {
				LastSwiftUpdateCheck = 0800;
				LastUpgradeCheck = 0820;
				ORGANIZATIONNAME = tm;
				TargetAttributes = {
					EA6759731DB235ED008F9963 = {
						CreatedOnToolsVersion = 8.0;
						DevelopmentTeam = 4C34FT6ABU;
						ProvisioningStyle = Automatic;
						SystemCapabilities = {
							com.apple.BackgroundModes = {
								enabled = 1;
							};
							com.apple.Maps.iOS = {
								enabled = 1;
							};
							com.apple.Push = {
								enabled = 1;
							};
						};
					};
					EA6759871DB235ED008F9963 = {
						CreatedOnToolsVersion = 8.0;
						DevelopmentTeam = 4C34FT6ABU;
						ProvisioningStyle = Automatic;
						TestTargetID = EA6759731DB235ED008F9963;
					};
					EA6759921DB235ED008F9963 = {
						CreatedOnToolsVersion = 8.0;
						DevelopmentTeam = 4C34FT6ABU;
						ProvisioningStyle = Automatic;
						TestTargetID = EA6759731DB235ED008F9963;
					};
					EA67599B1DB235ED008F9963 = {
						CreatedOnToolsVersion = 8.0;
						DevelopmentTeam = 4C34FT6ABU;
						ProvisioningStyle = Automatic;
					};
					EA6759AA1DB235ED008F9963 = {
						CreatedOnToolsVersion = 8.0;
						DevelopmentTeam = 4C34FT6ABU;
						ProvisioningStyle = Automatic;
					};
				};
			};
			buildConfigurationList = EA67596F1DB235ED008F9963 /* Build configuration list for PBXProject "Emersy" */;
			compatibilityVersion = "Xcode 3.2";
			developmentRegion = English;
			hasScannedForEncodings = 0;
			knownRegions = (
				en,
				Base,
			);
			mainGroup = EA67596B1DB235ED008F9963;
			productRefGroup = EA6759751DB235ED008F9963 /* Products */;
			projectDirPath = "";
			projectRoot = "";
			targets = (
				EA6759731DB235ED008F9963 /* Emersy */,
				EA6759871DB235ED008F9963 /* EmersyTests */,
				EA6759921DB235ED008F9963 /* EmersyUITests */,
				EA67599B1DB235ED008F9963 /* Emersy WatchKit App */,
				EA6759AA1DB235ED008F9963 /* Emersy WatchKit Extension */,
			);
		};
/* End PBXProject section */

/* Begin PBXResourcesBuildPhase section */
		EA6759721DB235ED008F9963 /* Resources */ = {
			isa = PBXResourcesBuildPhase;
			buildActionMask = 2147483647;
			files = (
				EA6759821DB235ED008F9963 /* LaunchScreen.storyboard in Resources */,
				EA67597F1DB235ED008F9963 /* Assets.xcassets in Resources */,
				EA67597D1DB235ED008F9963 /* Main.storyboard in Resources */,
			);
			runOnlyForDeploymentPostprocessing = 0;
		};
		EA6759861DB235ED008F9963 /* Resources */ = {
			isa = PBXResourcesBuildPhase;
			buildActionMask = 2147483647;
			files = (
				EA2C365A1DB2B95F001B03D5 /* tubeTrackSimple.json in Resources */,
				EA2C36571DB2B71A001B03D5 /* pumpFinalTrack.json in Resources */,
				EA2C36581DB2B71A001B03D5 /* tubeTrack.json in Resources */,
			);
			runOnlyForDeploymentPostprocessing = 0;
		};
		EA6759911DB235ED008F9963 /* Resources */ = {
			isa = PBXResourcesBuildPhase;
			buildActionMask = 2147483647;
			files = (
			);
			runOnlyForDeploymentPostprocessing = 0;
		};
		EA67599A1DB235ED008F9963 /* Resources */ = {
			isa = PBXResourcesBuildPhase;
			buildActionMask = 2147483647;
			files = (
				EA6759A51DB235ED008F9963 /* Assets.xcassets in Resources */,
				EA6759A31DB235ED008F9963 /* Interface.storyboard in Resources */,
			);
			runOnlyForDeploymentPostprocessing = 0;
		};
		EA6759A91DB235ED008F9963 /* Resources */ = {
			isa = PBXResourcesBuildPhase;
			buildActionMask = 2147483647;
			files = (
				EA6759BB1DB235ED008F9963 /* Assets.xcassets in Resources */,
			);
			runOnlyForDeploymentPostprocessing = 0;
		};
/* End PBXResourcesBuildPhase section */

/* Begin PBXShellScriptBuildPhase section */
		61B9A3D8F414B360B65323C6 /* Embed Pods Frameworks */ = {
			isa = PBXShellScriptBuildPhase;
			buildActionMask = 2147483647;
			files = (
			);
			inputPaths = (
			);
			name = "Embed Pods Frameworks";
			outputPaths = (
			);
			runOnlyForDeploymentPostprocessing = 0;
			shellPath = /bin/sh;
			shellScript = "\"${SRCROOT}/Pods/Target Support Files/Pods-Emersy/Pods-Emersy-frameworks.sh\"\n";
			showEnvVarsInLog = 0;
		};
		74B7E83EFAAE97766F0FC598 /* Check Pods Manifest.lock */ = {
			isa = PBXShellScriptBuildPhase;
			buildActionMask = 2147483647;
			files = (
			);
			inputPaths = (
			);
			name = "Check Pods Manifest.lock";
			outputPaths = (
			);
			runOnlyForDeploymentPostprocessing = 0;
			shellPath = /bin/sh;
			shellScript = "diff \"${PODS_ROOT}/../Podfile.lock\" \"${PODS_ROOT}/Manifest.lock\" > /dev/null\nif [[ $? != 0 ]] ; then\n    cat << EOM\nerror: The sandbox is not in sync with the Podfile.lock. Run 'pod install' or update your CocoaPods installation.\nEOM\n    exit 1\nfi\n";
			showEnvVarsInLog = 0;
		};
		E9CEDA199417EE80E3914949 /* Copy Pods Resources */ = {
			isa = PBXShellScriptBuildPhase;
			buildActionMask = 2147483647;
			files = (
			);
			inputPaths = (
			);
			name = "Copy Pods Resources";
			outputPaths = (
			);
			runOnlyForDeploymentPostprocessing = 0;
			shellPath = /bin/sh;
			shellScript = "\"${SRCROOT}/Pods/Target Support Files/Pods-Emersy/Pods-Emersy-resources.sh\"\n";
			showEnvVarsInLog = 0;
		};
/* End PBXShellScriptBuildPhase section */

/* Begin PBXSourcesBuildPhase section */
		EA6759701DB235ED008F9963 /* Sources */ = {
			isa = PBXSourcesBuildPhase;
			buildActionMask = 2147483647;
			files = (
				EA2C36541DB2B1AE001B03D5 /* PumpsService.swift in Sources */,
				EA47A1C51DB268EF00F1D89D /* Notification.swift in Sources */,
				EAF53A301DB26F68003CCC4C /* AcceptNotificationHandler.swift in Sources */,
				EAF53A391DB2818D003CCC4C /* UsersTableViewController.swift in Sources */,
				EAF53A2E1DB26F4D003CCC4C /* RefuseNotificationHandler.swift in Sources */,
				EAF53A371DB27B53003CCC4C /* MissionDetailViewController.swift in Sources */,
				24B81C3D1E200E1A00965A03 /* Pump+MKAnnotation.swift in Sources */,
				EAF53A2A1DB26BF2003CCC4C /* NotificationHandler.swift in Sources */,
				EAF53A351DB27201003CCC4C /* AlamofireMissionService.swift in Sources */,
				EA2C365C1DB2C039001B03D5 /* PumpsServiceInput.swift in Sources */,
				24B81C471E20150100965A03 /* Distributor.swift in Sources */,
				24B81C391E200DD200965A03 /* PumpsServiceOutput.swift in Sources */,
				EAF53A411DB29BF1003CCC4C /* PumpsViewController.swift in Sources */,
				EA67597A1DB235ED008F9963 /* MissionsViewController.swift in Sources */,
				24B81C371E200DB900965A03 /* Pump.swift in Sources */,
				EA47A1C31DB2678800F1D89D /* MissionNotificationCategories.swift in Sources */,
				EA47A1C71DB269B600F1D89D /* DeviceTokenData.swift in Sources */,
				24B81C3B1E200DFE00965A03 /* DoubleExtension.swift in Sources */,
				24B81C451E20132D00965A03 /* SourcePump+MKAnnotation.swift in Sources */,
				EA6759781DB235ED008F9963 /* AppDelegate.swift in Sources */,
				EAF53A2C1DB26F32003CCC4C /* NotificationHandlerBuilder.swift in Sources */,
				EA2C36521DB2A46C001B03D5 /* ViewController+CLLocationManagerDelegate.swift in Sources */,
				24B81C401E20106F00965A03 /* SourcePump.swift in Sources */,
			);
			runOnlyForDeploymentPostprocessing = 0;
		};
		EA6759841DB235ED008F9963 /* Sources */ = {
			isa = PBXSourcesBuildPhase;
			buildActionMask = 2147483647;
			files = (
				EA67598D1DB235ED008F9963 /* EmersyTests.swift in Sources */,
			);
			runOnlyForDeploymentPostprocessing = 0;
		};
		EA67598F1DB235ED008F9963 /* Sources */ = {
			isa = PBXSourcesBuildPhase;
			buildActionMask = 2147483647;
			files = (
				EA6759981DB235ED008F9963 /* EmersyUITests.swift in Sources */,
			);
			runOnlyForDeploymentPostprocessing = 0;
		};
		EA6759A71DB235ED008F9963 /* Sources */ = {
			isa = PBXSourcesBuildPhase;
			buildActionMask = 2147483647;
			files = (
				EA6759B71DB235ED008F9963 /* NotificationController.swift in Sources */,
				EA6759B91DB235ED008F9963 /* ComplicationController.swift in Sources */,
				EA6759B51DB235ED008F9963 /* ExtensionDelegate.swift in Sources */,
				EA6759B31DB235ED008F9963 /* InterfaceController.swift in Sources */,
			);
			runOnlyForDeploymentPostprocessing = 0;
		};
/* End PBXSourcesBuildPhase section */

/* Begin PBXTargetDependency section */
		EA67598A1DB235ED008F9963 /* PBXTargetDependency */ = {
			isa = PBXTargetDependency;
			target = EA6759731DB235ED008F9963 /* Emersy */;
			targetProxy = EA6759891DB235ED008F9963 /* PBXContainerItemProxy */;
		};
		EA6759951DB235ED008F9963 /* PBXTargetDependency */ = {
			isa = PBXTargetDependency;
			target = EA6759731DB235ED008F9963 /* Emersy */;
			targetProxy = EA6759941DB235ED008F9963 /* PBXContainerItemProxy */;
		};
		EA67599F1DB235ED008F9963 /* PBXTargetDependency */ = {
			isa = PBXTargetDependency;
			target = EA67599B1DB235ED008F9963 /* Emersy WatchKit App */;
			targetProxy = EA67599E1DB235ED008F9963 /* PBXContainerItemProxy */;
		};
		EA6759AE1DB235ED008F9963 /* PBXTargetDependency */ = {
			isa = PBXTargetDependency;
			target = EA6759AA1DB235ED008F9963 /* Emersy WatchKit Extension */;
			targetProxy = EA6759AD1DB235ED008F9963 /* PBXContainerItemProxy */;
		};
/* End PBXTargetDependency section */

/* Begin PBXVariantGroup section */
		EA67597B1DB235ED008F9963 /* Main.storyboard */ = {
			isa = PBXVariantGroup;
			children = (
				EA67597C1DB235ED008F9963 /* Base */,
			);
			name = Main.storyboard;
			sourceTree = "<group>";
		};
		EA6759801DB235ED008F9963 /* LaunchScreen.storyboard */ = {
			isa = PBXVariantGroup;
			children = (
				EA6759811DB235ED008F9963 /* Base */,
			);
			name = LaunchScreen.storyboard;
			sourceTree = "<group>";
		};
		EA6759A11DB235ED008F9963 /* Interface.storyboard */ = {
			isa = PBXVariantGroup;
			children = (
				EA6759A21DB235ED008F9963 /* Base */,
			);
			name = Interface.storyboard;
			sourceTree = "<group>";
		};
/* End PBXVariantGroup section */

/* Begin XCBuildConfiguration section */
		EA6759BD1DB235ED008F9963 /* Debug */ = {
			isa = XCBuildConfiguration;
			buildSettings = {
				ALWAYS_SEARCH_USER_PATHS = NO;
				CLANG_ANALYZER_NONNULL = YES;
				CLANG_CXX_LANGUAGE_STANDARD = "gnu++0x";
				CLANG_CXX_LIBRARY = "libc++";
				CLANG_ENABLE_MODULES = YES;
				CLANG_ENABLE_OBJC_ARC = YES;
				CLANG_WARN_BOOL_CONVERSION = YES;
				CLANG_WARN_CONSTANT_CONVERSION = YES;
				CLANG_WARN_DIRECT_OBJC_ISA_USAGE = YES_ERROR;
				CLANG_WARN_DOCUMENTATION_COMMENTS = YES;
				CLANG_WARN_EMPTY_BODY = YES;
				CLANG_WARN_ENUM_CONVERSION = YES;
				CLANG_WARN_INFINITE_RECURSION = YES;
				CLANG_WARN_INT_CONVERSION = YES;
				CLANG_WARN_OBJC_ROOT_CLASS = YES_ERROR;
				CLANG_WARN_SUSPICIOUS_MOVE = YES;
				CLANG_WARN_SUSPICIOUS_MOVES = YES;
				CLANG_WARN_UNREACHABLE_CODE = YES;
				CLANG_WARN__DUPLICATE_METHOD_MATCH = YES;
				"CODE_SIGN_IDENTITY[sdk=iphoneos*]" = "iPhone Developer";
				COPY_PHASE_STRIP = NO;
				DEBUG_INFORMATION_FORMAT = dwarf;
				ENABLE_STRICT_OBJC_MSGSEND = YES;
				ENABLE_TESTABILITY = YES;
				GCC_C_LANGUAGE_STANDARD = gnu99;
				GCC_DYNAMIC_NO_PIC = NO;
				GCC_NO_COMMON_BLOCKS = YES;
				GCC_OPTIMIZATION_LEVEL = 0;
				GCC_PREPROCESSOR_DEFINITIONS = (
					"DEBUG=1",
					"$(inherited)",
				);
				GCC_WARN_64_TO_32_BIT_CONVERSION = YES;
				GCC_WARN_ABOUT_RETURN_TYPE = YES_ERROR;
				GCC_WARN_UNDECLARED_SELECTOR = YES;
				GCC_WARN_UNINITIALIZED_AUTOS = YES_AGGRESSIVE;
				GCC_WARN_UNUSED_FUNCTION = YES;
				GCC_WARN_UNUSED_VARIABLE = YES;
				IPHONEOS_DEPLOYMENT_TARGET = 10.0;
				MTL_ENABLE_DEBUG_INFO = YES;
				ONLY_ACTIVE_ARCH = YES;
				SDKROOT = iphoneos;
				SWIFT_ACTIVE_COMPILATION_CONDITIONS = DEBUG;
				SWIFT_OPTIMIZATION_LEVEL = "-Onone";
				TARGETED_DEVICE_FAMILY = "1,2";
			};
			name = Debug;
		};
		EA6759BE1DB235ED008F9963 /* Release */ = {
			isa = XCBuildConfiguration;
			buildSettings = {
				ALWAYS_SEARCH_USER_PATHS = NO;
				CLANG_ANALYZER_NONNULL = YES;
				CLANG_CXX_LANGUAGE_STANDARD = "gnu++0x";
				CLANG_CXX_LIBRARY = "libc++";
				CLANG_ENABLE_MODULES = YES;
				CLANG_ENABLE_OBJC_ARC = YES;
				CLANG_WARN_BOOL_CONVERSION = YES;
				CLANG_WARN_CONSTANT_CONVERSION = YES;
				CLANG_WARN_DIRECT_OBJC_ISA_USAGE = YES_ERROR;
				CLANG_WARN_DOCUMENTATION_COMMENTS = YES;
				CLANG_WARN_EMPTY_BODY = YES;
				CLANG_WARN_ENUM_CONVERSION = YES;
				CLANG_WARN_INFINITE_RECURSION = YES;
				CLANG_WARN_INT_CONVERSION = YES;
				CLANG_WARN_OBJC_ROOT_CLASS = YES_ERROR;
				CLANG_WARN_SUSPICIOUS_MOVE = YES;
				CLANG_WARN_SUSPICIOUS_MOVES = YES;
				CLANG_WARN_UNREACHABLE_CODE = YES;
				CLANG_WARN__DUPLICATE_METHOD_MATCH = YES;
				"CODE_SIGN_IDENTITY[sdk=iphoneos*]" = "iPhone Developer";
				COPY_PHASE_STRIP = NO;
				DEBUG_INFORMATION_FORMAT = "dwarf-with-dsym";
				ENABLE_NS_ASSERTIONS = NO;
				ENABLE_STRICT_OBJC_MSGSEND = YES;
				GCC_C_LANGUAGE_STANDARD = gnu99;
				GCC_NO_COMMON_BLOCKS = YES;
				GCC_WARN_64_TO_32_BIT_CONVERSION = YES;
				GCC_WARN_ABOUT_RETURN_TYPE = YES_ERROR;
				GCC_WARN_UNDECLARED_SELECTOR = YES;
				GCC_WARN_UNINITIALIZED_AUTOS = YES_AGGRESSIVE;
				GCC_WARN_UNUSED_FUNCTION = YES;
				GCC_WARN_UNUSED_VARIABLE = YES;
				IPHONEOS_DEPLOYMENT_TARGET = 10.0;
				MTL_ENABLE_DEBUG_INFO = NO;
				SDKROOT = iphoneos;
				SWIFT_OPTIMIZATION_LEVEL = "-Owholemodule";
				TARGETED_DEVICE_FAMILY = "1,2";
				VALIDATE_PRODUCT = YES;
			};
			name = Release;
		};
		EA6759C01DB235ED008F9963 /* Debug */ = {
			isa = XCBuildConfiguration;
			buildSettings = {
				ASSETCATALOG_COMPILER_COMPLICATION_NAME = Complication;
				DEVELOPMENT_TEAM = 4C34FT6ABU;
				INFOPLIST_FILE = "Emersy WatchKit Extension/Info.plist";
				LD_RUNPATH_SEARCH_PATHS = "$(inherited) @executable_path/Frameworks @executable_path/../../Frameworks";
				PRODUCT_BUNDLE_IDENTIFIER = com.tm.Emersy.watchkitapp.watchkitextension;
				PRODUCT_NAME = Emersy;
				SDKROOT = watchos;
				SKIP_INSTALL = YES;
				SWIFT_VERSION = 3.0;
				TARGETED_DEVICE_FAMILY = 4;
				WATCHOS_DEPLOYMENT_TARGET = 3.0;
			};
			name = Debug;
		};
		EA6759C11DB235ED008F9963 /* Release */ = {
			isa = XCBuildConfiguration;
			buildSettings = {
				ASSETCATALOG_COMPILER_COMPLICATION_NAME = Complication;
				DEVELOPMENT_TEAM = 4C34FT6ABU;
				INFOPLIST_FILE = "Emersy WatchKit Extension/Info.plist";
				LD_RUNPATH_SEARCH_PATHS = "$(inherited) @executable_path/Frameworks @executable_path/../../Frameworks";
				PRODUCT_BUNDLE_IDENTIFIER = com.tm.Emersy.watchkitapp.watchkitextension;
				PRODUCT_NAME = Emersy;
				SDKROOT = watchos;
				SKIP_INSTALL = YES;
				SWIFT_VERSION = 3.0;
				TARGETED_DEVICE_FAMILY = 4;
				WATCHOS_DEPLOYMENT_TARGET = 3.0;
			};
			name = Release;
		};
		EA6759C41DB235ED008F9963 /* Debug */ = {
			isa = XCBuildConfiguration;
			buildSettings = {
				ALWAYS_EMBED_SWIFT_STANDARD_LIBRARIES = YES;
				ASSETCATALOG_COMPILER_APPICON_NAME = AppIcon;
				DEVELOPMENT_TEAM = 4C34FT6ABU;
				IBSC_MODULE = Emersy_WatchKit_Extension;
				INFOPLIST_FILE = "Emersy WatchKit App/Info.plist";
				PRODUCT_BUNDLE_IDENTIFIER = com.tm.Emersy.watchkitapp;
				PRODUCT_NAME = Emersy;
				SDKROOT = watchos;
				SKIP_INSTALL = YES;
				SWIFT_VERSION = 3.0;
				TARGETED_DEVICE_FAMILY = 4;
				WATCHOS_DEPLOYMENT_TARGET = 3.0;
			};
			name = Debug;
		};
		EA6759C51DB235ED008F9963 /* Release */ = {
			isa = XCBuildConfiguration;
			buildSettings = {
				ALWAYS_EMBED_SWIFT_STANDARD_LIBRARIES = YES;
				ASSETCATALOG_COMPILER_APPICON_NAME = AppIcon;
				DEVELOPMENT_TEAM = 4C34FT6ABU;
				IBSC_MODULE = Emersy_WatchKit_Extension;
				INFOPLIST_FILE = "Emersy WatchKit App/Info.plist";
				PRODUCT_BUNDLE_IDENTIFIER = com.tm.Emersy.watchkitapp;
				PRODUCT_NAME = Emersy;
				SDKROOT = watchos;
				SKIP_INSTALL = YES;
				SWIFT_VERSION = 3.0;
				TARGETED_DEVICE_FAMILY = 4;
				WATCHOS_DEPLOYMENT_TARGET = 3.0;
			};
			name = Release;
		};
		EA6759C81DB235ED008F9963 /* Debug */ = {
			isa = XCBuildConfiguration;
			baseConfigurationReference = 4FD39EEB59A8FDC4213BE666 /* Pods-Emersy.debug.xcconfig */;
			buildSettings = {
				ALWAYS_EMBED_SWIFT_STANDARD_LIBRARIES = YES;
				ASSETCATALOG_COMPILER_APPICON_NAME = AppIcon;
				CODE_SIGN_ENTITLEMENTS = Emersy/Emersy.entitlements;
				DEVELOPMENT_TEAM = 4C34FT6ABU;
				INFOPLIST_FILE = Emersy/Info.plist;
				LD_RUNPATH_SEARCH_PATHS = "$(inherited) @executable_path/Frameworks";
				PRODUCT_BUNDLE_IDENTIFIER = com.tm.Emersy;
				PRODUCT_NAME = "$(TARGET_NAME)";
				SWIFT_VERSION = 3.0;
			};
			name = Debug;
		};
		EA6759C91DB235ED008F9963 /* Release */ = {
			isa = XCBuildConfiguration;
			baseConfigurationReference = B7083C3E0C85C60C746DFC7B /* Pods-Emersy.release.xcconfig */;
			buildSettings = {
				ALWAYS_EMBED_SWIFT_STANDARD_LIBRARIES = YES;
				ASSETCATALOG_COMPILER_APPICON_NAME = AppIcon;
				CODE_SIGN_ENTITLEMENTS = Emersy/Emersy.entitlements;
				DEVELOPMENT_TEAM = 4C34FT6ABU;
				INFOPLIST_FILE = Emersy/Info.plist;
				LD_RUNPATH_SEARCH_PATHS = "$(inherited) @executable_path/Frameworks";
				PRODUCT_BUNDLE_IDENTIFIER = com.tm.Emersy;
				PRODUCT_NAME = "$(TARGET_NAME)";
				SWIFT_VERSION = 3.0;
			};
			name = Release;
		};
		EA6759CB1DB235ED008F9963 /* Debug */ = {
			isa = XCBuildConfiguration;
			buildSettings = {
				ALWAYS_EMBED_SWIFT_STANDARD_LIBRARIES = YES;
				BUNDLE_LOADER = "$(TEST_HOST)";
				DEVELOPMENT_TEAM = 4C34FT6ABU;
				INFOPLIST_FILE = EmersyTests/Info.plist;
				LD_RUNPATH_SEARCH_PATHS = "$(inherited) @executable_path/Frameworks @loader_path/Frameworks";
				PRODUCT_BUNDLE_IDENTIFIER = com.tm.EmersyTests;
				PRODUCT_NAME = "$(TARGET_NAME)";
				SWIFT_VERSION = 3.0;
				TEST_HOST = "$(BUILT_PRODUCTS_DIR)/Emersy.app/Emersy";
			};
			name = Debug;
		};
		EA6759CC1DB235ED008F9963 /* Release */ = {
			isa = XCBuildConfiguration;
			buildSettings = {
				ALWAYS_EMBED_SWIFT_STANDARD_LIBRARIES = YES;
				BUNDLE_LOADER = "$(TEST_HOST)";
				DEVELOPMENT_TEAM = 4C34FT6ABU;
				INFOPLIST_FILE = EmersyTests/Info.plist;
				LD_RUNPATH_SEARCH_PATHS = "$(inherited) @executable_path/Frameworks @loader_path/Frameworks";
				PRODUCT_BUNDLE_IDENTIFIER = com.tm.EmersyTests;
				PRODUCT_NAME = "$(TARGET_NAME)";
				SWIFT_VERSION = 3.0;
				TEST_HOST = "$(BUILT_PRODUCTS_DIR)/Emersy.app/Emersy";
			};
			name = Release;
		};
		EA6759CE1DB235ED008F9963 /* Debug */ = {
			isa = XCBuildConfiguration;
			buildSettings = {
				ALWAYS_EMBED_SWIFT_STANDARD_LIBRARIES = YES;
				DEVELOPMENT_TEAM = 4C34FT6ABU;
				INFOPLIST_FILE = EmersyUITests/Info.plist;
				LD_RUNPATH_SEARCH_PATHS = "$(inherited) @executable_path/Frameworks @loader_path/Frameworks";
				PRODUCT_BUNDLE_IDENTIFIER = com.tm.EmersyUITests;
				PRODUCT_NAME = "$(TARGET_NAME)";
				SWIFT_VERSION = 3.0;
				TEST_TARGET_NAME = Emersy;
			};
			name = Debug;
		};
		EA6759CF1DB235ED008F9963 /* Release */ = {
			isa = XCBuildConfiguration;
			buildSettings = {
				ALWAYS_EMBED_SWIFT_STANDARD_LIBRARIES = YES;
				DEVELOPMENT_TEAM = 4C34FT6ABU;
				INFOPLIST_FILE = EmersyUITests/Info.plist;
				LD_RUNPATH_SEARCH_PATHS = "$(inherited) @executable_path/Frameworks @loader_path/Frameworks";
				PRODUCT_BUNDLE_IDENTIFIER = com.tm.EmersyUITests;
				PRODUCT_NAME = "$(TARGET_NAME)";
				SWIFT_VERSION = 3.0;
				TEST_TARGET_NAME = Emersy;
			};
			name = Release;
		};
/* End XCBuildConfiguration section */

/* Begin XCConfigurationList section */
		EA67596F1DB235ED008F9963 /* Build configuration list for PBXProject "Emersy" */ = {
			isa = XCConfigurationList;
			buildConfigurations = (
				EA6759BD1DB235ED008F9963 /* Debug */,
				EA6759BE1DB235ED008F9963 /* Release */,
			);
			defaultConfigurationIsVisible = 0;
			defaultConfigurationName = Release;
		};
		EA6759BF1DB235ED008F9963 /* Build configuration list for PBXNativeTarget "Emersy WatchKit Extension" */ = {
			isa = XCConfigurationList;
			buildConfigurations = (
				EA6759C01DB235ED008F9963 /* Debug */,
				EA6759C11DB235ED008F9963 /* Release */,
			);
			defaultConfigurationIsVisible = 0;
			defaultConfigurationName = Release;
		};
		EA6759C31DB235ED008F9963 /* Build configuration list for PBXNativeTarget "Emersy WatchKit App" */ = {
			isa = XCConfigurationList;
			buildConfigurations = (
				EA6759C41DB235ED008F9963 /* Debug */,
				EA6759C51DB235ED008F9963 /* Release */,
			);
			defaultConfigurationIsVisible = 0;
			defaultConfigurationName = Release;
		};
		EA6759C71DB235ED008F9963 /* Build configuration list for PBXNativeTarget "Emersy" */ = {
			isa = XCConfigurationList;
			buildConfigurations = (
				EA6759C81DB235ED008F9963 /* Debug */,
				EA6759C91DB235ED008F9963 /* Release */,
			);
			defaultConfigurationIsVisible = 0;
			defaultConfigurationName = Release;
		};
		EA6759CA1DB235ED008F9963 /* Build configuration list for PBXNativeTarget "EmersyTests" */ = {
			isa = XCConfigurationList;
			buildConfigurations = (
				EA6759CB1DB235ED008F9963 /* Debug */,
				EA6759CC1DB235ED008F9963 /* Release */,
			);
			defaultConfigurationIsVisible = 0;
			defaultConfigurationName = Release;
		};
		EA6759CD1DB235ED008F9963 /* Build configuration list for PBXNativeTarget "EmersyUITests" */ = {
			isa = XCConfigurationList;
			buildConfigurations = (
				EA6759CE1DB235ED008F9963 /* Debug */,
				EA6759CF1DB235ED008F9963 /* Release */,
			);
			defaultConfigurationIsVisible = 0;
			defaultConfigurationName = Release;
		};
/* End XCConfigurationList section */
	};
	rootObject = EA67596C1DB235ED008F9963 /* Project object */;
}
